
Microsoft Visual Studio Solution File, Format Version 12.00
# Visual Studio Version 17
VisualStudioVersion = 17.1.32210.238
MinimumVisualStudioVersion = 10.0.40219.1
Project("{9092AA53-FB77-4645-B42D-1CCCA6BD08BD}") = "botizard", "botizard.njsproj", "{EB5D4BB7-57B3-4204-ACC9-E536012EBCB2}"
EndProject
Global
	GlobalSection(SolutionConfigurationPlatforms) = preSolution
		Debug|Any CPU = Debug|Any CPU
		Release|Any CPU = Release|Any CPU
	EndGlobalSection
	GlobalSection(ProjectConfigurationPlatforms) = postSolution
		{EB5D4BB7-57B3-4204-ACC9-E536012EBCB2}.Debug|Any CPU.ActiveCfg = Debug|Any CPU
		{EB5D4BB7-57B3-4204-ACC9-E536012EBCB2}.Debug|Any CPU.Build.0 = Debug|Any CPU
		{EB5D4BB7-57B3-4204-ACC9-E536012EBCB2}.Release|Any CPU.ActiveCfg = Release|Any CPU
		{EB5D4BB7-57B3-4204-ACC9-E536012EBCB2}.Release|Any CPU.Build.0 = Release|Any CPU
	EndGlobalSection
	GlobalSection(SolutionProperties) = preSolution
		HideSolutionNode = FALSE
	EndGlobalSection
	GlobalSection(ExtensibilityGlobals) = postSolution
		SolutionGuid = {6248B93A-13BC-410C-9D16-0CF098FEF2E0}
	EndGlobalSection
EndGlobal
